github.com/go-chi/chi/v5 v5.3.0 h1:halUjDxhshgXHMrao5bB8eNBXo/rnzwr8m5m36glehM=
github.com/go-chi/chi/v5 v5.3.0/go.mod h1:R+tYY2hNuVUUjxoPtqUdgBqevM9s9njzkTLutVsOCto=
github.com/go-chi/traceid v0.3.0 h1:BYITxMnIeQasU7/U7+InZWANWxVZeCUBGTAqWleQOeg=
github.com/go-chi/traceid v0.3.0/go.mod h1:XFfEEYZjqgML4ySh+wYBU29eqJkc2um7oEzgIc63e74=
github.com/golang-cz/devslog v0.0.15 h1:ejoBLTCwJHWGbAmDf2fyTJJQO3AkzcPjw8SC9LaOQMI=
github.com/golang-cz/devslog v0.0.15/go.mod h1:bSe5bm0A7Nyfqtijf1OMNgVJHlWEuVSXnkuASiE1vV8=
github.com/google/uuid v1.6.0 h1:NIvaJDMOsjHA8n1jAhLSgzrAzy1Hgr+hNrb57e+94F0=
github.com/google/uuid v1.6.0/go.mod h1:TIyPZe4MgqvfeYDBFedMoGGpEw/LqOeaOT+nhxU+yHo=
